# This file is automatically generated.
# It is not intended for manual editing.
version = 1

[[packages]]
name = "wasm-sql:core"
registry = "wasm-sql"

[[packages.versions]]
requirement = "=0.1.0"
version = "0.1.0"
digest = "sha256:eb4e83bf9c53df86fe8c0aa1f184a3d4016399b557433b6aa659d33ec8304b50"

[[packages]]
name = "wasm-sql:postgres"
registry = "wasm-sql"

[[packages.versions]]
requirement = "=0.1.0"
version = "0.1.0"
digest = "sha256:26c67b2f4337b0d98da77a3cd3da288f740863aef7831ae753e1d7ba891eaeb0"
